{
  "name": "node-core-clang-format",
  "version": "19.1.1",
  "lockfileVersion": 3,
  "requires": true,
  "packages": {
    "": {
      "name": "node-core-clang-format",
      "version": "19.1.1",
      "license": "MIT",
      "bin": {
        "clang-format": "src/executable.js",
        "git-clang-format": "binaries/git-clang-format"
      }
    }
  }
}
